
Microsoft Visual Studio Solution File, Format Version 12.00
# Visual Studio Version 17
VisualStudioVersion = 17.3.32929.385
MinimumVisualStudioVersion = 10.0.40219.1
Project("{FAE04EC0-301F-11D3-BF4B-00C04F79EFBC}") = "UC13_WriteToFile", "UC13_WriteToFile\UC13_WriteToFile.csproj", "{947D810F-1777-4162-BC48-789CF432B402}"
EndProject
Global
	GlobalSection(SolutionConfigurationPlatforms) = preSolution
		Debug|Any CPU = Debug|Any CPU
		Release|Any CPU = Release|Any CPU
	EndGlobalSection
	GlobalSection(ProjectConfigurationPlatforms) = postSolution
		{947D810F-1777-4162-BC48-789CF432B402}.Debug|Any CPU.ActiveCfg = Debug|Any CPU
		{947D810F-1777-4162-BC48-789CF432B402}.Debug|Any CPU.Build.0 = Debug|Any CPU
		{947D810F-1777-4162-BC48-789CF432B402}.Release|Any CPU.ActiveCfg = Release|Any CPU
		{947D810F-1777-4162-BC48-789CF432B402}.Release|Any CPU.Build.0 = Release|Any CPU
	EndGlobalSection
	GlobalSection(SolutionProperties) = preSolution
		HideSolutionNode = FALSE
	EndGlobalSection
	GlobalSection(ExtensibilityGlobals) = postSolution
		SolutionGuid = {02A14512-5158-4015-901C-D8EF3BC1994F}
	EndGlobalSection
EndGlobal
